{
  "object": {
    "pins": [
      {
        "package": "WebOverlay",
        "repositoryURL": "https://github.com/khurram18/WebOverlay",
        "state": {
          "branch": null,
          "revision": "640c88077973f3ce62437229e8bf24a9b819f16e",
          "version": "1.0.8"
        }
      }
    ]
  },
  "version": 1
}
