{
  "object": {
    "pins": [
      {
        "package": "WebOverlay",
        "repositoryURL": "https://github.com/khurram18/WebOverlay",
        "state": {
          "branch": null,
          "revision": "cd3d4dc2c14f279ca0259514afaa0e8ddda2c08b",
          "version": "1.0.7"
        }
      }
    ]
  },
  "version": 1
}
